{
  "name": "alpha-bot",
  "lockfileVersion": 3,
  "requires": true,
  "packages": {
    "": {
      "dependencies": {
        "bun": "^1.1.6"
      },
      "devDependencies": {
        "@types/bun": "^1.1.1",
        "bun-types": "^1.1.6"
      }
    },
    "node_modules/@oven/bun-darwin-aarch64": {
      "version": "1.1.6",
      "resolved": "https://registry.npmjs.org/@oven/bun-darwin-aarch64/-/bun-darwin-aarch64-1.1.6.tgz",
      "integrity": "sha512-1GQb0gugo/qndj5ehktgHRAoyCM5fWisbLEBLq6YorHTc71T5cqFWCQ6uPcfy3k9cxEDd8tUpejekyi8EsCxgw==",
      "cpu": [
        "arm64"
      ],
      "optional": true,
      "os": [
        "darwin"
      ]
    },
    "node_modules/@oven/bun-darwin-x64": {
      "version": "1.1.6",
      "resolved": "https://registry.npmjs.org/@oven/bun-darwin-x64/-/bun-darwin-x64-1.1.6.tgz",
      "integrity": "sha512-NK8py4eJNkN6iNfvaM8pzmmNNNkbyzRvnc/pmrDLFPPfgJklJ2esm8OBCALDe9RvP1USDo8H1I4IXCtQQIu3SQ==",
      "cpu": [
        "x64"
      ],
      "optional": true,
      "os": [
        "darwin"
      ]
    },
    "node_modules/@oven/bun-darwin-x64-baseline": {
      "version": "1.1.6",
      "resolved": "https://registry.npmjs.org/@oven/bun-darwin-x64-baseline/-/bun-darwin-x64-baseline-1.1.6.tgz",
      "integrity": "sha512-amG6o1y1ksjwOUKS97IW5VQE/UPfEa4Edket1+VUa0UGvo/0z3+2gVYF3Bt+pZA45glJKXM3nI9wYlmVeE/AcQ==",
      "cpu": [
        "x64"
      ],
      "optional": true,
      "os": [
        "darwin"
      ]
    },
    "node_modules/@oven/bun-linux-aarch64": {
      "version": "1.1.6",
      "resolved": "https://registry.npmjs.org/@oven/bun-linux-aarch64/-/bun-linux-aarch64-1.1.6.tgz",
      "integrity": "sha512-FOlZBeIrk7DlOsktWwahmxJwaKxCG9C+pKPMj8s+u08WhAKtfMBpgHvHsilBKE9W1twta+jB+geW4kU1KZSNZg==",
      "cpu": [
        "arm64"
      ],
      "optional": true,
      "os": [
        "linux"
      ]
    },
    "node_modules/@oven/bun-linux-x64": {
      "version": "1.1.6",
      "resolved": "https://registry.npmjs.org/@oven/bun-linux-x64/-/bun-linux-x64-1.1.6.tgz",
      "integrity": "sha512-PN/5XSPCWCuIgOEhxWfx5ViVEY9ZfpEpJkadDiZi9IY17mb/aZVvt0Lll4doe6B7hjbglb1nI++GXcpqU/fonw==",
      "cpu": [
        "x64"
      ],
      "optional": true,
      "os": [
        "linux"
      ]
    },
    "node_modules/@oven/bun-linux-x64-baseline": {
      "version": "1.1.6",
      "resolved": "https://registry.npmjs.org/@oven/bun-linux-x64-baseline/-/bun-linux-x64-baseline-1.1.6.tgz",
      "integrity": "sha512-a/Wx5ZTl0BDq9WH5nJfl8rw0YX5/dWmxmy3pYki6EBbwjcsA8iMzjkRpp5k8NEV2SpyaDMdS+xCb/HiaO4RWoQ==",
      "cpu": [
        "x64"
      ],
      "optional": true,
      "os": [
        "linux"
      ]
    },
    "node_modules/@oven/bun-windows-x64": {
      "version": "1.1.6",
      "resolved": "https://registry.npmjs.org/@oven/bun-windows-x64/-/bun-windows-x64-1.1.6.tgz",
      "integrity": "sha512-knJePhYbqtYv5RNUrnkMFrK4z3dDIPzom402yjSLkESZhsnO16xtLkULocV2yk0KDXKo2C3BqoZKHATCK6LxqQ==",
      "cpu": [
        "x64"
      ],
      "optional": true,
      "os": [
        "win32"
      ]
    },
    "node_modules/@oven/bun-windows-x64-baseline": {
      "version": "1.1.6",
      "resolved": "https://registry.npmjs.org/@oven/bun-windows-x64-baseline/-/bun-windows-x64-baseline-1.1.6.tgz",
      "integrity": "sha512-8VVPdKTYEsQPwlCasLWmTsHPcC9om9FaZlH9j7Gs9jBYje3FDXMyLI3DalVQ/VBY+uwQ8qoXhtDrh83nLuawhA==",
      "cpu": [
        "x64"
      ],
      "optional": true,
      "os": [
        "win32"
      ]
    },
    "node_modules/@types/bun": {
      "version": "1.1.1",
      "dev": true,
      "license": "MIT",
      "dependencies": {
        "bun-types": "1.1.6"
      }
    },
    "node_modules/@types/node": {
      "version": "20.11.30",
      "dev": true,
      "license": "MIT",
      "dependencies": {
        "undici-types": "~5.26.4"
      }
    },
    "node_modules/@types/ws": {
      "version": "8.5.10",
      "dev": true,
      "license": "MIT",
      "dependencies": {
        "@types/node": "*"
      }
    },
    "node_modules/bun": {
      "version": "1.1.6",
      "resolved": "https://registry.npmjs.org/bun/-/bun-1.1.6.tgz",
      "integrity": "sha512-0oKx5dVZ8LpsAvXdW2DTR5Zt3KS81Ifjx9T2ma7RjDPKbvGIlDXOPt++tr1SndxhFNFsMFeE4i6VKvlL7IR0Zw==",
      "cpu": [
        "arm64",
        "x64"
      ],
      "hasInstallScript": true,
      "os": [
        "darwin",
        "linux",
        "win32"
      ],
      "bin": {
        "bun": "bin/bun.exe",
        "bunx": "bin/bun.exe"
      },
      "optionalDependencies": {
        "@oven/bun-darwin-aarch64": "1.1.6",
        "@oven/bun-darwin-x64": "1.1.6",
        "@oven/bun-darwin-x64-baseline": "1.1.6",
        "@oven/bun-linux-aarch64": "1.1.6",
        "@oven/bun-linux-x64": "1.1.6",
        "@oven/bun-linux-x64-baseline": "1.1.6",
        "@oven/bun-windows-x64": "1.1.6",
        "@oven/bun-windows-x64-baseline": "1.1.6"
      }
    },
    "node_modules/bun-types": {
      "version": "1.1.6",
      "dev": true,
      "license": "MIT",
      "dependencies": {
        "@types/node": "~20.11.3",
        "@types/ws": "~8.5.10"
      }
    },
    "node_modules/undici-types": {
      "version": "5.26.5",
      "dev": true,
      "license": "MIT"
    }
  }
}
